
Microsoft Visual Studio Solution File, Format Version 12.00
# Visual Studio Version 16
VisualStudioVersion = 16.0.30804.86
MinimumVisualStudioVersion = 10.0.40219.1
Project("{FAE04EC0-301F-11D3-BF4B-00C04F79EFBC}") = "DataAccess", "DataAccess\DataAccess.csproj", "{D27EA22D-7A21-4EC6-992E-6F3BD8BB4F39}"
EndProject
Project("{FAE04EC0-301F-11D3-BF4B-00C04F79EFBC}") = "Business", "Business\Business.csproj", "{14794142-588D-4E13-9D0E-488F399F3838}"
EndProject
Project("{FAE04EC0-301F-11D3-BF4B-00C04F79EFBC}") = "Entites", "Entites\Entites.csproj", "{BF80ED7B-21B9-47CC-BF0B-7C282A677E43}"
EndProject
Project("{FAE04EC0-301F-11D3-BF4B-00C04F79EFBC}") = "Core", "Core\Core.csproj", "{5CF82656-7286-4BF2-9A72-E4BAC6DBEE97}"
EndProject
Project("{FAE04EC0-301F-11D3-BF4B-00C04F79EFBC}") = "WebAPI", "WebAPI\WebAPI.csproj", "{E55BB760-33EE-431F-8A73-B59BB30EDA37}"
EndProject
Global
	GlobalSection(SolutionConfigurationPlatforms) = preSolution
		Debug|Any CPU = Debug|Any CPU
		Release|Any CPU = Release|Any CPU
	EndGlobalSection
	GlobalSection(ProjectConfigurationPlatforms) = postSolution
		{D27EA22D-7A21-4EC6-992E-6F3BD8BB4F39}.Debug|Any CPU.ActiveCfg = Debug|Any CPU
		{D27EA22D-7A21-4EC6-992E-6F3BD8BB4F39}.Debug|Any CPU.Build.0 = Debug|Any CPU
		{D27EA22D-7A21-4EC6-992E-6F3BD8BB4F39}.Release|Any CPU.ActiveCfg = Release|Any CPU
		{D27EA22D-7A21-4EC6-992E-6F3BD8BB4F39}.Release|Any CPU.Build.0 = Release|Any CPU
		{14794142-588D-4E13-9D0E-488F399F3838}.Debug|Any CPU.ActiveCfg = Debug|Any CPU
		{14794142-588D-4E13-9D0E-488F399F3838}.Debug|Any CPU.Build.0 = Debug|Any CPU
		{14794142-588D-4E13-9D0E-488F399F3838}.Release|Any CPU.ActiveCfg = Release|Any CPU
		{14794142-588D-4E13-9D0E-488F399F3838}.Release|Any CPU.Build.0 = Release|Any CPU
		{BF80ED7B-21B9-47CC-BF0B-7C282A677E43}.Debug|Any CPU.ActiveCfg = Debug|Any CPU
		{BF80ED7B-21B9-47CC-BF0B-7C282A677E43}.Debug|Any CPU.Build.0 = Debug|Any CPU
		{BF80ED7B-21B9-47CC-BF0B-7C282A677E43}.Release|Any CPU.ActiveCfg = Release|Any CPU
		{BF80ED7B-21B9-47CC-BF0B-7C282A677E43}.Release|Any CPU.Build.0 = Release|Any CPU
		{5CF82656-7286-4BF2-9A72-E4BAC6DBEE97}.Debug|Any CPU.ActiveCfg = Debug|Any CPU
		{5CF82656-7286-4BF2-9A72-E4BAC6DBEE97}.Debug|Any CPU.Build.0 = Debug|Any CPU
		{5CF82656-7286-4BF2-9A72-E4BAC6DBEE97}.Release|Any CPU.ActiveCfg = Release|Any CPU
		{5CF82656-7286-4BF2-9A72-E4BAC6DBEE97}.Release|Any CPU.Build.0 = Release|Any CPU
		{E55BB760-33EE-431F-8A73-B59BB30EDA37}.Debug|Any CPU.ActiveCfg = Debug|Any CPU
		{E55BB760-33EE-431F-8A73-B59BB30EDA37}.Debug|Any CPU.Build.0 = Debug|Any CPU
		{E55BB760-33EE-431F-8A73-B59BB30EDA37}.Release|Any CPU.ActiveCfg = Release|Any CPU
		{E55BB760-33EE-431F-8A73-B59BB30EDA37}.Release|Any CPU.Build.0 = Release|Any CPU
	EndGlobalSection
	GlobalSection(SolutionProperties) = preSolution
		HideSolutionNode = FALSE
	EndGlobalSection
	GlobalSection(ExtensibilityGlobals) = postSolution
		SolutionGuid = {C1EDDCD0-4FCD-4B66-9691-5429957E5171}
	EndGlobalSection
EndGlobal
